// !$*UTF8*$!
{
	archiveVersion = 1;
	classes = {
	};
	objectVersion = 55;
	objects = {

/* Begin PBXBuildFile section */
		212ED0CC28081A1400D8FC1B /* KidapawanFoodieApp.swift in Sources */ = {isa = PBXBuildFile; fileRef = 212ED0CB28081A1400D8FC1B /* KidapawanFoodieApp.swift */; };
		212ED0CE28081A1400D8FC1B /* ContentView.swift in Sources */ = {isa = PBXBuildFile; fileRef = 212ED0CD28081A1400D8FC1B /* ContentView.swift */; };
		212ED0D028081A1700D8FC1B /* Assets.xcassets in Resources */ = {isa = PBXBuildFile; fileRef = 212ED0CF28081A1700D8FC1B /* Assets.xcassets */; };
		212ED0D328081A1700D8FC1B /* Preview Assets.xcassets in Resources */ = {isa = PBXBuildFile; fileRef = 212ED0D228081A1700D8FC1B /* Preview Assets.xcassets */; };
		212ED0D528081A1700D8FC1B /* Persistence.swift in Sources */ = {isa = PBXBuildFile; fileRef = 212ED0D428081A1700D8FC1B /* Persistence.swift */; };
		212ED0D828081A1700D8FC1B /* KidapawanFoodie.xcdatamodeld in Sources */ = {isa = PBXBuildFile; fileRef = 212ED0D628081A1700D8FC1B /* KidapawanFoodie.xcdatamodeld */; };
		212ED0E228081A1700D8FC1B /* KidapawanFoodieTests.swift in Sources */ = {isa = PBXBuildFile; fileRef = 212ED0E128081A1700D8FC1B /* KidapawanFoodieTests.swift */; };
		212ED0EC28081A1700D8FC1B /* KidapawanFoodieUITests.swift in Sources */ = {isa = PBXBuildFile; fileRef = 212ED0EB28081A1700D8FC1B /* KidapawanFoodieUITests.swift */; };
		212ED0EE28081A1700D8FC1B /* KidapawanFoodieUITestsLaunchTests.swift in Sources */ = {isa = PBXBuildFile; fileRef = 212ED0ED28081A1700D8FC1B /* KidapawanFoodieUITestsLaunchTests.swift */; };
/* End PBXBuildFile section */

/* Begin PBXContainerItemProxy section */
		212ED0DE28081A1700D8FC1B /* PBXContainerItemProxy */ = {
			isa = PBXContainerItemProxy;
			containerPortal = 212ED0C028081A1400D8FC1B /* Project object */;
			proxyType = 1;
			remoteGlobalIDString = 212ED0C728081A1400D8FC1B;
			remoteInfo = KidapawanFoodie;
		};
		212ED0E828081A1700D8FC1B /* PBXContainerItemProxy */ = {
			isa = PBXContainerItemProxy;
			containerPortal = 212ED0C028081A1400D8FC1B /* Project object */;
			proxyType = 1;
			remoteGlobalIDString = 212ED0C728081A1400D8FC1B;
			remoteInfo = KidapawanFoodie;
		};
/* End PBXContainerItemProxy section */

/* Begin PBXFileReference section */
		212ED0C828081A1400D8FC1B /* KidapawanFoodie.app */ = {isa = PBXFileReference; explicitFileType = wrapper.application; includeInIndex = 0; path = KidapawanFoodie.app; sourceTree = BUILT_PRODUCTS_DIR; };
		212ED0CB28081A1400D8FC1B /* KidapawanFoodieApp.swift */ = {isa = PBXFileReference; lastKnownFileType = sourcecode.swift; path = KidapawanFoodieApp.swift; sourceTree = "<group>"; };
		212ED0CD28081A1400D8FC1B /* ContentView.swift */ = {isa = PBXFileReference; lastKnownFileType = sourcecode.swift; path = ContentView.swift; sourceTree = "<group>"; };
		212ED0CF28081A1700D8FC1B /* Assets.xcassets */ = {isa = PBXFileReference; lastKnownFileType = folder.assetcatalog; path = Assets.xcassets; sourceTree = "<group>"; };
		212ED0D228081A1700D8FC1B /* Preview Assets.xcassets */ = {isa = PBXFileReference; lastKnownFileType = folder.assetcatalog; path = "Preview Assets.xcassets"; sourceTree = "<group>"; };
		212ED0D428081A1700D8FC1B /* Persistence.swift */ = {isa = PBXFileReference; lastKnownFileType = sourcecode.swift; path = Persistence.swift; sourceTree = "<group>"; };
		212ED0D728081A1700D8FC1B /* KidapawanFoodie.xcdatamodel */ = {isa = PBXFileReference; lastKnownFileType = wrapper.xcdatamodel; path = KidapawanFoodie.xcdatamodel; sourceTree = "<group>"; };
		212ED0DD28081A1700D8FC1B /* KidapawanFoodieTests.xctest */ = {isa = PBXFileReference; explicitFileType = wrapper.cfbundle; includeInIndex = 0; path = KidapawanFoodieTests.xctest; sourceTree = BUILT_PRODUCTS_DIR; };
		212ED0E128081A1700D8FC1B /* KidapawanFoodieTests.swift */ = {isa = PBXFileReference; lastKnownFileType = sourcecode.swift; path = KidapawanFoodieTests.swift; sourceTree = "<group>"; };
		212ED0E728081A1700D8FC1B /* KidapawanFoodieUITests.xctest */ = {isa = PBXFileReference; explicitFileType = wrapper.cfbundle; includeInIndex = 0; path = KidapawanFoodieUITests.xctest; sourceTree = BUILT_PRODUCTS_DIR; };
		212ED0EB28081A1700D8FC1B /* KidapawanFoodieUITests.swift */ = {isa = PBXFileReference; lastKnownFileType = sourcecode.swift; path = KidapawanFoodieUITests.swift; sourceTree = "<group>"; };
		212ED0ED28081A1700D8FC1B /* KidapawanFoodieUITestsLaunchTests.swift */ = {isa = PBXFileReference; lastKnownFileType = sourcecode.swift; path = KidapawanFoodieUITestsLaunchTests.swift; sourceTree = "<group>"; };
/* End PBXFileReference section */

/* Begin PBXFrameworksBuildPhase section */
		212ED0C528081A1400D8FC1B /* Frameworks */ = {
			isa = PBXFrameworksBuildPhase;
			buildActionMask = 2147483647;
			files = (
			);
			runOnlyForDeploymentPostprocessing = 0;
		};
		212ED0DA28081A1700D8FC1B /* Frameworks */ = {
			isa = PBXFrameworksBuildPhase;
			buildActionMask = 2147483647;
			files = (
			);
			runOnlyForDeploymentPostprocessing = 0;
		};
		212ED0E428081A1700D8FC1B /* Frameworks */ = {
			isa = PBXFrameworksBuildPhase;
			buildActionMask = 2147483647;
			files = (
			);
			runOnlyForDeploymentPostprocessing = 0;
		};
/* End PBXFrameworksBuildPhase section */

/* Begin PBXGroup section */
		212ED0BF28081A1400D8FC1B = {
			isa = PBXGroup;
			children = (
				212ED0CA28081A1400D8FC1B /* KidapawanFoodie */,
				212ED0E028081A1700D8FC1B /* KidapawanFoodieTests */,
				212ED0EA28081A1700D8FC1B /* KidapawanFoodieUITests */,
				212ED0C928081A1400D8FC1B /* Products */,
			);
			sourceTree = "<group>";
		};
		212ED0C928081A1400D8FC1B /* Products */ = {
			isa = PBXGroup;
			children = (
				212ED0C828081A1400D8FC1B /* KidapawanFoodie.app */,
				212ED0DD28081A1700D8FC1B /* KidapawanFoodieTests.xctest */,
				212ED0E728081A1700D8FC1B /* KidapawanFoodieUITests.xctest */,
			);
			name = Products;
			sourceTree = "<group>";
		};
		212ED0CA28081A1400D8FC1B /* KidapawanFoodie */ = {
			isa = PBXGroup;
			children = (
				212ED0CB28081A1400D8FC1B /* KidapawanFoodieApp.swift */,
				212ED0CD28081A1400D8FC1B /* ContentView.swift */,
				212ED0CF28081A1700D8FC1B /* Assets.xcassets */,
				212ED0D428081A1700D8FC1B /* Persistence.swift */,
				212ED0D628081A1700D8FC1B /* KidapawanFoodie.xcdatamodeld */,
				212ED0D128081A1700D8FC1B /* Preview Content */,
			);
			path = KidapawanFoodie;
			sourceTree = "<group>";
		};
		212ED0D128081A1700D8FC1B /* Preview Content */ = {
			isa = PBXGroup;
			children = (
				212ED0D228081A1700D8FC1B /* Preview Assets.xcassets */,
			);
			path = "Preview Content";
			sourceTree = "<group>";
		};
		212ED0E028081A1700D8FC1B /* KidapawanFoodieTests */ = {
			isa = PBXGroup;
			children = (
				212ED0E128081A1700D8FC1B /* KidapawanFoodieTests.swift */,
			);
			path = KidapawanFoodieTests;
			sourceTree = "<group>";
		};
		212ED0EA28081A1700D8FC1B /* KidapawanFoodieUITests */ = {
			isa = PBXGroup;
			children = (
				212ED0EB28081A1700D8FC1B /* KidapawanFoodieUITests.swift */,
				212ED0ED28081A1700D8FC1B /* KidapawanFoodieUITestsLaunchTests.swift */,
			);
			path = KidapawanFoodieUITests;
			sourceTree = "<group>";
		};
/* End PBXGroup section */

/* Begin PBXNativeTarget section */
		212ED0C728081A1400D8FC1B /* KidapawanFoodie */ = {
			isa = PBXNativeTarget;
			buildConfigurationList = 212ED0F128081A1700D8FC1B /* Build configuration list for PBXNativeTarget "KidapawanFoodie" */;
			buildPhases = (
				212ED0C428081A1400D8FC1B /* Sources */,
				212ED0C528081A1400D8FC1B /* Frameworks */,
				212ED0C628081A1400D8FC1B /* Resources */,
			);
			buildRules = (
			);
			dependencies = (
			);
			name = KidapawanFoodie;
			productName = KidapawanFoodie;
			productReference = 212ED0C828081A1400D8FC1B /* KidapawanFoodie.app */;
			productType = "com.apple.product-type.application";
		};
		212ED0DC28081A1700D8FC1B /* KidapawanFoodieTests */ = {
			isa = PBXNativeTarget;
			buildConfigurationList = 212ED0F428081A1700D8FC1B /* Build configuration list for PBXNativeTarget "KidapawanFoodieTests" */;
			buildPhases = (
				212ED0D928081A1700D8FC1B /* Sources */,
				212ED0DA28081A1700D8FC1B /* Frameworks */,
				212ED0DB28081A1700D8FC1B /* Resources */,
			);
			buildRules = (
			);
			dependencies = (
				212ED0DF28081A1700D8FC1B /* PBXTargetDependency */,
			);
			name = KidapawanFoodieTests;
			productName = KidapawanFoodieTests;
			productReference = 212ED0DD28081A1700D8FC1B /* KidapawanFoodieTests.xctest */;
			productType = "com.apple.product-type.bundle.unit-test";
		};
		212ED0E628081A1700D8FC1B /* KidapawanFoodieUITests */ = {
			isa = PBXNativeTarget;
			buildConfigurationList = 212ED0F728081A1700D8FC1B /* Build configuration list for PBXNativeTarget "KidapawanFoodieUITests" */;
			buildPhases = (
				212ED0E328081A1700D8FC1B /* Sources */,
				212ED0E428081A1700D8FC1B /* Frameworks */,
				212ED0E528081A1700D8FC1B /* Resources */,
			);
			buildRules = (
			);
			dependencies = (
				212ED0E928081A1700D8FC1B /* PBXTargetDependency */,
			);
			name = KidapawanFoodieUITests;
			productName = KidapawanFoodieUITests;
			productReference = 212ED0E728081A1700D8FC1B /* KidapawanFoodieUITests.xctest */;
			productType = "com.apple.product-type.bundle.ui-testing";
		};
/* End PBXNativeTarget section */

/* Begin PBXProject section */
		212ED0C028081A1400D8FC1B /* Project object */ = {
			isa = PBXProject;
			attributes = {
				BuildIndependentTargetsInParallel = 1;
				LastSwiftUpdateCheck = 1330;
				LastUpgradeCheck = 1330;
				TargetAttributes = {
					212ED0C728081A1400D8FC1B = {
						CreatedOnToolsVersion = 13.3;
					};
					212ED0DC28081A1700D8FC1B = {
						CreatedOnToolsVersion = 13.3;
						TestTargetID = 212ED0C728081A1400D8FC1B;
					};
					212ED0E628081A1700D8FC1B = {
						CreatedOnToolsVersion = 13.3;
						TestTargetID = 212ED0C728081A1400D8FC1B;
					};
				};
			};
			buildConfigurationList = 212ED0C328081A1400D8FC1B /* Build configuration list for PBXProject "KidapawanFoodie" */;
			compatibilityVersion = "Xcode 13.0";
			developmentRegion = en;
			hasScannedForEncodings = 0;
			knownRegions = (
				en,
				Base,
			);
			mainGroup = 212ED0BF28081A1400D8FC1B;
			productRefGroup = 212ED0C928081A1400D8FC1B /* Products */;
			projectDirPath = "";
			projectRoot = "";
			targets = (
				212ED0C728081A1400D8FC1B /* KidapawanFoodie */,
				212ED0DC28081A1700D8FC1B /* KidapawanFoodieTests */,
				212ED0E628081A1700D8FC1B /* KidapawanFoodieUITests */,
			);
		};
/* End PBXProject section */

/* Begin PBXResourcesBuildPhase section */
		212ED0C628081A1400D8FC1B /* Resources */ = {
			isa = PBXResourcesBuildPhase;
			buildActionMask = 2147483647;
			files = (
				212ED0D328081A1700D8FC1B /* Preview Assets.xcassets in Resources */,
				212ED0D028081A1700D8FC1B /* Assets.xcassets in Resources */,
			);
			runOnlyForDeploymentPostprocessing = 0;
		};
		212ED0DB28081A1700D8FC1B /* Resources */ = {
			isa = PBXResourcesBuildPhase;
			buildActionMask = 2147483647;
			files = (
			);
			runOnlyForDeploymentPostprocessing = 0;
		};
		212ED0E528081A1700D8FC1B /* Resources */ = {
			isa = PBXResourcesBuildPhase;
			buildActionMask = 2147483647;
			files = (
			);
			runOnlyForDeploymentPostprocessing = 0;
		};
/* End PBXResourcesBuildPhase section */

/* Begin PBXSourcesBuildPhase section */
		212ED0C428081A1400D8FC1B /* Sources */ = {
			isa = PBXSourcesBuildPhase;
			buildActionMask = 2147483647;
			files = (
				212ED0D528081A1700D8FC1B /* Persistence.swift in Sources */,
				212ED0CE28081A1400D8FC1B /* ContentView.swift in Sources */,
				212ED0D828081A1700D8FC1B /* KidapawanFoodie.xcdatamodeld in Sources */,
				212ED0CC28081A1400D8FC1B /* KidapawanFoodieApp.swift in Sources */,
			);
			runOnlyForDeploymentPostprocessing = 0;
		};
		212ED0D928081A1700D8FC1B /* Sources */ = {
			isa = PBXSourcesBuildPhase;
			buildActionMask = 2147483647;
			files = (
				212ED0E228081A1700D8FC1B /* KidapawanFoodieTests.swift in Sources */,
			);
			runOnlyForDeploymentPostprocessing = 0;
		};
		212ED0E328081A1700D8FC1B /* Sources */ = {
			isa = PBXSourcesBuildPhase;
			buildActionMask = 2147483647;
			files = (
				212ED0EC28081A1700D8FC1B /* KidapawanFoodieUITests.swift in Sources */,
				212ED0EE28081A1700D8FC1B /* KidapawanFoodieUITestsLaunchTests.swift in Sources */,
			);
			runOnlyForDeploymentPostprocessing = 0;
		};
/* End PBXSourcesBuildPhase section */

/* Begin PBXTargetDependency section */
		212ED0DF28081A1700D8FC1B /* PBXTargetDependency */ = {
			isa = PBXTargetDependency;
			target = 212ED0C728081A1400D8FC1B /* KidapawanFoodie */;
			targetProxy = 212ED0DE28081A1700D8FC1B /* PBXContainerItemProxy */;
		};
		212ED0E928081A1700D8FC1B /* PBXTargetDependency */ = {
			isa = PBXTargetDependency;
			target = 212ED0C728081A1400D8FC1B /* KidapawanFoodie */;
			targetProxy = 212ED0E828081A1700D8FC1B /* PBXContainerItemProxy */;
		};
/* End PBXTargetDependency section */

/* Begin XCBuildConfiguration section */
		212ED0EF28081A1700D8FC1B /* Debug */ = {
			isa = XCBuildConfiguration;
			buildSettings = {
				ALWAYS_SEARCH_USER_PATHS = NO;
				CLANG_ANALYZER_NONNULL = YES;
				CLANG_ANALYZER_NUMBER_OBJECT_CONVERSION = YES_AGGRESSIVE;
				CLANG_CXX_LANGUAGE_STANDARD = "gnu++17";
				CLANG_ENABLE_MODULES = YES;
				CLANG_ENABLE_OBJC_ARC = YES;
				CLANG_ENABLE_OBJC_WEAK = YES;
				CLANG_WARN_BLOCK_CAPTURE_AUTORELEASING = YES;
				CLANG_WARN_BOOL_CONVERSION = YES;
				CLANG_WARN_COMMA = YES;
				CLANG_WARN_CONSTANT_CONVERSION = YES;
				CLANG_WARN_DEPRECATED_OBJC_IMPLEMENTATIONS = YES;
				CLANG_WARN_DIRECT_OBJC_ISA_USAGE = YES_ERROR;
				CLANG_WARN_DOCUMENTATION_COMMENTS = YES;
				CLANG_WARN_EMPTY_BODY = YES;
				CLANG_WARN_ENUM_CONVERSION = YES;
				CLANG_WARN_INFINITE_RECURSION = YES;
				CLANG_WARN_INT_CONVERSION = YES;
				CLANG_WARN_NON_LITERAL_NULL_CONVERSION = YES;
				CLANG_WARN_OBJC_IMPLICIT_RETAIN_SELF = YES;
				CLANG_WARN_OBJC_LITERAL_CONVERSION = YES;
				CLANG_WARN_OBJC_ROOT_CLASS = YES_ERROR;
				CLANG_WARN_QUOTED_INCLUDE_IN_FRAMEWORK_HEADER = YES;
				CLANG_WARN_RANGE_LOOP_ANALYSIS = YES;
				CLANG_WARN_STRICT_PROTOTYPES = YES;
				CLANG_WARN_SUSPICIOUS_MOVE = YES;
				CLANG_WARN_UNGUARDED_AVAILABILITY = YES_AGGRESSIVE;
				CLANG_WARN_UNREACHABLE_CODE = YES;
				CLANG_WARN__DUPLICATE_METHOD_MATCH = YES;
				COPY_PHASE_STRIP = NO;
				DEBUG_INFORMATION_FORMAT = dwarf;
				ENABLE_STRICT_OBJC_MSGSEND = YES;
				ENABLE_TESTABILITY = YES;
				GCC_C_LANGUAGE_STANDARD = gnu11;
				GCC_DYNAMIC_NO_PIC = NO;
				GCC_NO_COMMON_BLOCKS = YES;
				GCC_OPTIMIZATION_LEVEL = 0;
				GCC_PREPROCESSOR_DEFINITIONS = (
					"DEBUG=1",
					"$(inherited)",
				);
				GCC_WARN_64_TO_32_BIT_CONVERSION = YES;
				GCC_WARN_ABOUT_RETURN_TYPE = YES_ERROR;
				GCC_WARN_UNDECLARED_SELECTOR = YES;
				GCC_WARN_UNINITIALIZED_AUTOS = YES_AGGRESSIVE;
				GCC_WARN_UNUSED_FUNCTION = YES;
				GCC_WARN_UNUSED_VARIABLE = YES;
				IPHONEOS_DEPLOYMENT_TARGET = 15.4;
				MTL_ENABLE_DEBUG_INFO = INCLUDE_SOURCE;
				MTL_FAST_MATH = YES;
				ONLY_ACTIVE_ARCH = YES;
				SDKROOT = iphoneos;
				SWIFT_ACTIVE_COMPILATION_CONDITIONS = DEBUG;
				SWIFT_OPTIMIZATION_LEVEL = "-Onone";
			};
			name = Debug;
		};
		212ED0F028081A1700D8FC1B /* Release */ = {
			isa = XCBuildConfiguration;
			buildSettings = {
				ALWAYS_SEARCH_USER_PATHS = NO;
				CLANG_ANALYZER_NONNULL = YES;
				CLANG_ANALYZER_NUMBER_OBJECT_CONVERSION = YES_AGGRESSIVE;
				CLANG_CXX_LANGUAGE_STANDARD = "gnu++17";
				CLANG_ENABLE_MODULES = YES;
				CLANG_ENABLE_OBJC_ARC = YES;
				CLANG_ENABLE_OBJC_WEAK = YES;
				CLANG_WARN_BLOCK_CAPTURE_AUTORELEASING = YES;
				CLANG_WARN_BOOL_CONVERSION = YES;
				CLANG_WARN_COMMA = YES;
				CLANG_WARN_CONSTANT_CONVERSION = YES;
				CLANG_WARN_DEPRECATED_OBJC_IMPLEMENTATIONS = YES;
				CLANG_WARN_DIRECT_OBJC_ISA_USAGE = YES_ERROR;
				CLANG_WARN_DOCUMENTATION_COMMENTS = YES;
				CLANG_WARN_EMPTY_BODY = YES;
				CLANG_WARN_ENUM_CONVERSION = YES;
				CLANG_WARN_INFINITE_RECURSION = YES;
				CLANG_WARN_INT_CONVERSION = YES;
				CLANG_WARN_NON_LITERAL_NULL_CONVERSION = YES;
				CLANG_WARN_OBJC_IMPLICIT_RETAIN_SELF = YES;
				CLANG_WARN_OBJC_LITERAL_CONVERSION = YES;
				CLANG_WARN_OBJC_ROOT_CLASS = YES_ERROR;
				CLANG_WARN_QUOTED_INCLUDE_IN_FRAMEWORK_HEADER = YES;
				CLANG_WARN_RANGE_LOOP_ANALYSIS = YES;
				CLANG_WARN_STRICT_PROTOTYPES = YES;
				CLANG_WARN_SUSPICIOUS_MOVE = YES;
				CLANG_WARN_UNGUARDED_AVAILABILITY = YES_AGGRESSIVE;
				CLANG_WARN_UNREACHABLE_CODE = YES;
				CLANG_WARN__DUPLICATE_METHOD_MATCH = YES;
				COPY_PHASE_STRIP = NO;
				DEBUG_INFORMATION_FORMAT = "dwarf-with-dsym";
				ENABLE_NS_ASSERTIONS = NO;
				ENABLE_STRICT_OBJC_MSGSEND = YES;
				GCC_C_LANGUAGE_STANDARD = gnu11;
				GCC_NO_COMMON_BLOCKS = YES;
				GCC_WARN_64_TO_32_BIT_CONVERSION = YES;
				GCC_WARN_ABOUT_RETURN_TYPE = YES_ERROR;
				GCC_WARN_UNDECLARED_SELECTOR = YES;
				GCC_WARN_UNINITIALIZED_AUTOS = YES_AGGRESSIVE;
				GCC_WARN_UNUSED_FUNCTION = YES;
				GCC_WARN_UNUSED_VARIABLE = YES;
				IPHONEOS_DEPLOYMENT_TARGET = 15.4;
				MTL_ENABLE_DEBUG_INFO = NO;
				MTL_FAST_MATH = YES;
				SDKROOT = iphoneos;
				SWIFT_COMPILATION_MODE = wholemodule;
				SWIFT_OPTIMIZATION_LEVEL = "-O";
				VALIDATE_PRODUCT = YES;
			};
			name = Release;
		};
		212ED0F228081A1700D8FC1B /* Debug */ = {
			isa = XCBuildConfiguration;
			buildSettings = {
				ASSETCATALOG_COMPILER_APPICON_NAME = AppIcon;
				ASSETCATALOG_COMPILER_GLOBAL_ACCENT_COLOR_NAME = AccentColor;
				CODE_SIGN_STYLE = Automatic;
				CURRENT_PROJECT_VERSION = 1;
				DEVELOPMENT_ASSET_PATHS = "\"KidapawanFoodie/Preview Content\"";
				DEVELOPMENT_TEAM = 6UWE2EP59T;
				ENABLE_PREVIEWS = YES;
				GENERATE_INFOPLIST_FILE = YES;
				INFOPLIST_KEY_UIApplicationSceneManifest_Generation = YES;
				INFOPLIST_KEY_UIApplicationSupportsIndirectInputEvents = YES;
				INFOPLIST_KEY_UILaunchScreen_Generation = YES;
				INFOPLIST_KEY_UISupportedInterfaceOrientations_iPad = "UIInterfaceOrientationPortrait UIInterfaceOrientationPortraitUpsideDown UIInterfaceOrientationLandscapeLeft UIInterfaceOrientationLandscapeRight";
				INFOPLIST_KEY_UISupportedInterfaceOrientations_iPhone = "UIInterfaceOrientationPortrait UIInterfaceOrientationLandscapeLeft UIInterfaceOrientationLandscapeRight";
				LD_RUNPATH_SEARCH_PATHS = (
					"$(inherited)",
					"@executable_path/Frameworks",
				);
				MARKETING_VERSION = 1.0;
				PRODUCT_BUNDLE_IDENTIFIER = me.vnrz.KidapawanFoodie;
				PRODUCT_NAME = "$(TARGET_NAME)";
				SWIFT_EMIT_LOC_STRINGS = YES;
				SWIFT_VERSION = 5.0;
				TARGETED_DEVICE_FAMILY = "1,2";
			};
			name = Debug;
		};
		212ED0F328081A1700D8FC1B /* Release */ = {
			isa = XCBuildConfiguration;
			buildSettings = {
				ASSETCATALOG_COMPILER_APPICON_NAME = AppIcon;
				ASSETCATALOG_COMPILER_GLOBAL_ACCENT_COLOR_NAME = AccentColor;
				CODE_SIGN_STYLE = Automatic;
				CURRENT_PROJECT_VERSION = 1;
				DEVELOPMENT_ASSET_PATHS = "\"KidapawanFoodie/Preview Content\"";
				DEVELOPMENT_TEAM = 6UWE2EP59T;
				ENABLE_PREVIEWS = YES;
				GENERATE_INFOPLIST_FILE = YES;
				INFOPLIST_KEY_UIApplicationSceneManifest_Generation = YES;
				INFOPLIST_KEY_UIApplicationSupportsIndirectInputEvents = YES;
				INFOPLIST_KEY_UILaunchScreen_Generation = YES;
				INFOPLIST_KEY_UISupportedInterfaceOrientations_iPad = "UIInterfaceOrientationPortrait UIInterfaceOrientationPortraitUpsideDown UIInterfaceOrientationLandscapeLeft UIInterfaceOrientationLandscapeRight";
				INFOPLIST_KEY_UISupportedInterfaceOrientations_iPhone = "UIInterfaceOrientationPortrait UIInterfaceOrientationLandscapeLeft UIInterfaceOrientationLandscapeRight";
				LD_RUNPATH_SEARCH_PATHS = (
					"$(inherited)",
					"@executable_path/Frameworks",
				);
				MARKETING_VERSION = 1.0;
				PRODUCT_BUNDLE_IDENTIFIER = me.vnrz.KidapawanFoodie;
				PRODUCT_NAME = "$(TARGET_NAME)";
				SWIFT_EMIT_LOC_STRINGS = YES;
				SWIFT_VERSION = 5.0;
				TARGETED_DEVICE_FAMILY = "1,2";
			};
			name = Release;
		};
		212ED0F528081A1700D8FC1B /* Debug */ = {
			isa = XCBuildConfiguration;
			buildSettings = {
				ALWAYS_EMBED_SWIFT_STANDARD_LIBRARIES = YES;
				BUNDLE_LOADER = "$(TEST_HOST)";
				CODE_SIGN_STYLE = Automatic;
				CURRENT_PROJECT_VERSION = 1;
				DEVELOPMENT_TEAM = 6UWE2EP59T;
				GENERATE_INFOPLIST_FILE = YES;
				IPHONEOS_DEPLOYMENT_TARGET = 15.4;
				MARKETING_VERSION = 1.0;
				PRODUCT_BUNDLE_IDENTIFIER = me.vnrz.KidapawanFoodieTests;
				PRODUCT_NAME = "$(TARGET_NAME)";
				SWIFT_EMIT_LOC_STRINGS = NO;
				SWIFT_VERSION = 5.0;
				TARGETED_DEVICE_FAMILY = "1,2";
				TEST_HOST = "$(BUILT_PRODUCTS_DIR)/KidapawanFoodie.app/KidapawanFoodie";
			};
			name = Debug;
		};
		212ED0F628081A1700D8FC1B /* Release */ = {
			isa = XCBuildConfiguration;
			buildSettings = {
				ALWAYS_EMBED_SWIFT_STANDARD_LIBRARIES = YES;
				BUNDLE_LOADER = "$(TEST_HOST)";
				CODE_SIGN_STYLE = Automatic;
				CURRENT_PROJECT_VERSION = 1;
				DEVELOPMENT_TEAM = 6UWE2EP59T;
				GENERATE_INFOPLIST_FILE = YES;
				IPHONEOS_DEPLOYMENT_TARGET = 15.4;
				MARKETING_VERSION = 1.0;
				PRODUCT_BUNDLE_IDENTIFIER = me.vnrz.KidapawanFoodieTests;
				PRODUCT_NAME = "$(TARGET_NAME)";
				SWIFT_EMIT_LOC_STRINGS = NO;
				SWIFT_VERSION = 5.0;
				TARGETED_DEVICE_FAMILY = "1,2";
				TEST_HOST = "$(BUILT_PRODUCTS_DIR)/KidapawanFoodie.app/KidapawanFoodie";
			};
			name = Release;
		};
		212ED0F828081A1700D8FC1B /* Debug */ = {
			isa = XCBuildConfiguration;
			buildSettings = {
				ALWAYS_EMBED_SWIFT_STANDARD_LIBRARIES = YES;
				CODE_SIGN_STYLE = Automatic;
				CURRENT_PROJECT_VERSION = 1;
				DEVELOPMENT_TEAM = 6UWE2EP59T;
				GENERATE_INFOPLIST_FILE = YES;
				MARKETING_VERSION = 1.0;
				PRODUCT_BUNDLE_IDENTIFIER = me.vnrz.KidapawanFoodieUITests;
				PRODUCT_NAME = "$(TARGET_NAME)";
				SWIFT_EMIT_LOC_STRINGS = NO;
				SWIFT_VERSION = 5.0;
				TARGETED_DEVICE_FAMILY = "1,2";
				TEST_TARGET_NAME = KidapawanFoodie;
			};
			name = Debug;
		};
		212ED0F928081A1700D8FC1B /* Release */ = {
			isa = XCBuildConfiguration;
			buildSettings = {
				ALWAYS_EMBED_SWIFT_STANDARD_LIBRARIES = YES;
				CODE_SIGN_STYLE = Automatic;
				CURRENT_PROJECT_VERSION = 1;
				DEVELOPMENT_TEAM = 6UWE2EP59T;
				GENERATE_INFOPLIST_FILE = YES;
				MARKETING_VERSION = 1.0;
				PRODUCT_BUNDLE_IDENTIFIER = me.vnrz.KidapawanFoodieUITests;
				PRODUCT_NAME = "$(TARGET_NAME)";
				SWIFT_EMIT_LOC_STRINGS = NO;
				SWIFT_VERSION = 5.0;
				TARGETED_DEVICE_FAMILY = "1,2";
				TEST_TARGET_NAME = KidapawanFoodie;
			};
			name = Release;
		};
/* End XCBuildConfiguration section */

/* Begin XCConfigurationList section */
		212ED0C328081A1400D8FC1B /* Build configuration list for PBXProject "KidapawanFoodie" */ = {
			isa = XCConfigurationList;
			buildConfigurations = (
				212ED0EF28081A1700D8FC1B /* Debug */,
				212ED0F028081A1700D8FC1B /* Release */,
			);
			defaultConfigurationIsVisible = 0;
			defaultConfigurationName = Release;
		};
		212ED0F128081A1700D8FC1B /* Build configuration list for PBXNativeTarget "KidapawanFoodie" */ = {
			isa = XCConfigurationList;
			buildConfigurations = (
				212ED0F228081A1700D8FC1B /* Debug */,
				212ED0F328081A1700D8FC1B /* Release */,
			);
			defaultConfigurationIsVisible = 0;
			defaultConfigurationName = Release;
		};
		212ED0F428081A1700D8FC1B /* Build configuration list for PBXNativeTarget "KidapawanFoodieTests" */ = {
			isa = XCConfigurationList;
			buildConfigurations = (
				212ED0F528081A1700D8FC1B /* Debug */,
				212ED0F628081A1700D8FC1B /* Release */,
			);
			defaultConfigurationIsVisible = 0;
			defaultConfigurationName = Release;
		};
		212ED0F728081A1700D8FC1B /* Build configuration list for PBXNativeTarget "KidapawanFoodieUITests" */ = {
			isa = XCConfigurationList;
			buildConfigurations = (
				212ED0F828081A1700D8FC1B /* Debug */,
				212ED0F928081A1700D8FC1B /* Release */,
			);
			defaultConfigurationIsVisible = 0;
			defaultConfigurationName = Release;
		};
/* End XCConfigurationList section */

/* Begin XCVersionGroup section */
		212ED0D628081A1700D8FC1B /* KidapawanFoodie.xcdatamodeld */ = {
			isa = XCVersionGroup;
			children = (
				212ED0D728081A1700D8FC1B /* KidapawanFoodie.xcdatamodel */,
			);
			currentVersion = 212ED0D728081A1700D8FC1B /* KidapawanFoodie.xcdatamodel */;
			path = KidapawanFoodie.xcdatamodeld;
			sourceTree = "<group>";
			versionGroupType = wrapper.xcdatamodel;
		};
/* End XCVersionGroup section */
	};
	rootObject = 212ED0C028081A1400D8FC1B /* Project object */;
}
